
Microsoft Visual Studio Solution File, Format Version 12.00
# Visual Studio Version 16
VisualStudioVersion = 16.0.30804.86
MinimumVisualStudioVersion = 10.0.40219.1
Project("{9A19103F-16F7-4668-BE54-9A1E7A4F7556}") = "TSMPModdedSIILauncher.ConsoleApp", "TSMPModdedSIILauncher\TSMPModdedSIILauncher.ConsoleApp.csproj", "{2B97BE26-F550-4D37-A99F-D14C88218CB8}"
EndProject
Project("{9A19103F-16F7-4668-BE54-9A1E7A4F7556}") = "CmlLib", "CmlLib\CmlLib.csproj", "{8C0ECDDE-A2C5-4712-B513-21676BBDFD65}"
EndProject
Project("{9A19103F-16F7-4668-BE54-9A1E7A4F7556}") = "TSMPModdedSIILauncher.Core", "TSMPModdedSIILauncher.Core\TSMPModdedSIILauncher.Core.csproj", "{A7912B93-AE97-4BD3-AD4C-C7DA377A0FA2}"
EndProject
Global
	GlobalSection(SolutionConfigurationPlatforms) = preSolution
		Debug|Any CPU = Debug|Any CPU
		Release|Any CPU = Release|Any CPU
	EndGlobalSection
	GlobalSection(ProjectConfigurationPlatforms) = postSolution
		{2B97BE26-F550-4D37-A99F-D14C88218CB8}.Debug|Any CPU.ActiveCfg = Debug|Any CPU
		{2B97BE26-F550-4D37-A99F-D14C88218CB8}.Debug|Any CPU.Build.0 = Debug|Any CPU
		{2B97BE26-F550-4D37-A99F-D14C88218CB8}.Release|Any CPU.ActiveCfg = Release|Any CPU
		{2B97BE26-F550-4D37-A99F-D14C88218CB8}.Release|Any CPU.Build.0 = Release|Any CPU
		{8C0ECDDE-A2C5-4712-B513-21676BBDFD65}.Debug|Any CPU.ActiveCfg = Debug|Any CPU
		{8C0ECDDE-A2C5-4712-B513-21676BBDFD65}.Debug|Any CPU.Build.0 = Debug|Any CPU
		{8C0ECDDE-A2C5-4712-B513-21676BBDFD65}.Release|Any CPU.ActiveCfg = Release|Any CPU
		{8C0ECDDE-A2C5-4712-B513-21676BBDFD65}.Release|Any CPU.Build.0 = Release|Any CPU
		{A7912B93-AE97-4BD3-AD4C-C7DA377A0FA2}.Debug|Any CPU.ActiveCfg = Debug|Any CPU
		{A7912B93-AE97-4BD3-AD4C-C7DA377A0FA2}.Debug|Any CPU.Build.0 = Debug|Any CPU
		{A7912B93-AE97-4BD3-AD4C-C7DA377A0FA2}.Release|Any CPU.ActiveCfg = Release|Any CPU
		{A7912B93-AE97-4BD3-AD4C-C7DA377A0FA2}.Release|Any CPU.Build.0 = Release|Any CPU
	EndGlobalSection
	GlobalSection(SolutionProperties) = preSolution
		HideSolutionNode = FALSE
	EndGlobalSection
	GlobalSection(ExtensibilityGlobals) = postSolution
		SolutionGuid = {9CC450A3-1778-4FF4-A47C-CF7E79FD8D37}
	EndGlobalSection
EndGlobal
