
Microsoft Visual Studio Solution File, Format Version 12.00
# Visual Studio Version 16
VisualStudioVersion = 16.0.30804.86
MinimumVisualStudioVersion = 10.0.40219.1
Project("{9A19103F-16F7-4668-BE54-9A1E7A4F7556}") = "CmlLib", "CmlLib\CmlLib.csproj", "{8C0ECDDE-A2C5-4712-B513-21676BBDFD65}"
EndProject
Project("{9A19103F-16F7-4668-BE54-9A1E7A4F7556}") = "TSMPModdedSIILauncher.Core", "TSMPModdedSIILauncher.Core\TSMPModdedSIILauncher.Core.csproj", "{A7912B93-AE97-4BD3-AD4C-C7DA377A0FA2}"
EndProject
Project("{6EC3EE1D-3C4E-46DD-8F32-0CC8E7565705}") = "TSMPModdedSIILauncher", "TSMPModdedSIILauncher\TSMPModdedSIILauncher.fsproj", "{3364F3FD-9B11-4CF6-9562-45F28C94B4F3}"
	ProjectSection(ProjectDependencies) = postProject
		{A7912B93-AE97-4BD3-AD4C-C7DA377A0FA2} = {A7912B93-AE97-4BD3-AD4C-C7DA377A0FA2}
	EndProjectSection
EndProject
Project("{F2A71F9B-5D33-465A-A702-920D77279786}") = "TSMPModdedSIILauncher.ConsoleLauncher", "TSMPModdedSIILauncher.ConsoleLauncher\TSMPModdedSIILauncher.ConsoleLauncher.fsproj", "{412C6FDE-B3A1-4D60-8136-934F3C3CCA26}"
EndProject
Global
	GlobalSection(SolutionConfigurationPlatforms) = preSolution
		Debug|Any CPU = Debug|Any CPU
		Release|Any CPU = Release|Any CPU
	EndGlobalSection
	GlobalSection(ProjectConfigurationPlatforms) = postSolution
		{8C0ECDDE-A2C5-4712-B513-21676BBDFD65}.Debug|Any CPU.ActiveCfg = Debug|Any CPU
		{8C0ECDDE-A2C5-4712-B513-21676BBDFD65}.Debug|Any CPU.Build.0 = Debug|Any CPU
		{8C0ECDDE-A2C5-4712-B513-21676BBDFD65}.Release|Any CPU.ActiveCfg = Release|Any CPU
		{8C0ECDDE-A2C5-4712-B513-21676BBDFD65}.Release|Any CPU.Build.0 = Release|Any CPU
		{A7912B93-AE97-4BD3-AD4C-C7DA377A0FA2}.Debug|Any CPU.ActiveCfg = Debug|Any CPU
		{A7912B93-AE97-4BD3-AD4C-C7DA377A0FA2}.Debug|Any CPU.Build.0 = Debug|Any CPU
		{A7912B93-AE97-4BD3-AD4C-C7DA377A0FA2}.Release|Any CPU.ActiveCfg = Release|Any CPU
		{A7912B93-AE97-4BD3-AD4C-C7DA377A0FA2}.Release|Any CPU.Build.0 = Release|Any CPU
		{3364F3FD-9B11-4CF6-9562-45F28C94B4F3}.Debug|Any CPU.ActiveCfg = Debug|Any CPU
		{3364F3FD-9B11-4CF6-9562-45F28C94B4F3}.Debug|Any CPU.Build.0 = Debug|Any CPU
		{3364F3FD-9B11-4CF6-9562-45F28C94B4F3}.Release|Any CPU.ActiveCfg = Release|Any CPU
		{3364F3FD-9B11-4CF6-9562-45F28C94B4F3}.Release|Any CPU.Build.0 = Release|Any CPU
		{412C6FDE-B3A1-4D60-8136-934F3C3CCA26}.Debug|Any CPU.ActiveCfg = Debug|Any CPU
		{412C6FDE-B3A1-4D60-8136-934F3C3CCA26}.Debug|Any CPU.Build.0 = Debug|Any CPU
		{412C6FDE-B3A1-4D60-8136-934F3C3CCA26}.Release|Any CPU.ActiveCfg = Release|Any CPU
		{412C6FDE-B3A1-4D60-8136-934F3C3CCA26}.Release|Any CPU.Build.0 = Release|Any CPU
	EndGlobalSection
	GlobalSection(SolutionProperties) = preSolution
		HideSolutionNode = FALSE
	EndGlobalSection
	GlobalSection(ExtensibilityGlobals) = postSolution
		SolutionGuid = {9CC450A3-1778-4FF4-A47C-CF7E79FD8D37}
	EndGlobalSection
EndGlobal
